{
  "name": "spb-vanila",
  "lockfileVersion": 3,
  "requires": true,
  "packages": {
    "": {
      "dependencies": {
        "@ckeditor/ckeditor5-build-classic": "^39.0.2",
        "@fontsource/alata": "^5.0.8",
        "@fontsource/poppins": "^5.0.8",
        "@fontsource/quicksand": "^5.0.8",
        "bootstrap": "^5.3.2",
        "bootstrap-icons": "^1.11.0"
      }
    },
    "node_modules/@ckeditor/ckeditor5-adapter-ckfinder": {
      "version": "39.0.2",
      "resolved": "https://registry.npmjs.org/@ckeditor/ckeditor5-adapter-ckfinder/-/ckeditor5-adapter-ckfinder-39.0.2.tgz",
      "integrity": "sha512-7HIFArQXAI6ciXc9hvaJngmS15EV34UZGHKXM6pbZJkJCcdMQ/qL5rMZ2NiLDfvm8hrBwx4O8Vt0tmWa4ylyJg==",
      "dependencies": {
        "ckeditor5": "39.0.2"
      }
    },
    "node_modules/@ckeditor/ckeditor5-autoformat": {
      "version": "39.0.2",
      "resolved": "https://registry.npmjs.org/@ckeditor/ckeditor5-autoformat/-/ckeditor5-autoformat-39.0.2.tgz",
      "integrity": "sha512-iltoRC/XAgApwM7+TErrGMjkX+G13YbB/YxCTXBBQeHiPRnEEpPMeqHGyLMipSshq6mCZaPNwzmfaQ1pQ+PWlg==",
      "dependencies": {
        "ckeditor5": "39.0.2"
      }
    },
    "node_modules/@ckeditor/ckeditor5-basic-styles": {
      "version": "39.0.2",
      "resolved": "https://registry.npmjs.org/@ckeditor/ckeditor5-basic-styles/-/ckeditor5-basic-styles-39.0.2.tgz",
      "integrity": "sha512-sp5sfE4d8Tng/zIssBK+SgaEkPfGcbmoGkjbHhPlWYAoQB9ONwvWkRZy9s3C+H0gfsEj3EqqxUKY70Us0yT8rA==",
      "dependencies": {
        "ckeditor5": "39.0.2"
      }
    },
    "node_modules/@ckeditor/ckeditor5-block-quote": {
      "version": "39.0.2",
      "resolved": "https://registry.npmjs.org/@ckeditor/ckeditor5-block-quote/-/ckeditor5-block-quote-39.0.2.tgz",
      "integrity": "sha512-ykxkLWJ1nuu5vVBnvHKKgKleudUNTjt/2zDsvUAiBbl4iN0rnOqhLbSL54fY4130p/DvE1CVoozqNiv7L83Vjw==",
      "dependencies": {
        "ckeditor5": "39.0.2"
      }
    },
    "node_modules/@ckeditor/ckeditor5-build-classic": {
      "version": "39.0.2",
      "resolved": "https://registry.npmjs.org/@ckeditor/ckeditor5-build-classic/-/ckeditor5-build-classic-39.0.2.tgz",
      "integrity": "sha512-uozP7NOEkMMKivVQql08SzBp+Fl1hgYzPDK6wb7JQuuMHvhooJhyY6AzRI6pPQNylp35R3BC2s9G4rh6beX/CQ==",
      "dependencies": {
        "@ckeditor/ckeditor5-adapter-ckfinder": "39.0.2",
        "@ckeditor/ckeditor5-autoformat": "39.0.2",
        "@ckeditor/ckeditor5-basic-styles": "39.0.2",
        "@ckeditor/ckeditor5-block-quote": "39.0.2",
        "@ckeditor/ckeditor5-ckbox": "39.0.2",
        "@ckeditor/ckeditor5-ckfinder": "39.0.2",
        "@ckeditor/ckeditor5-cloud-services": "39.0.2",
        "@ckeditor/ckeditor5-easy-image": "39.0.2",
        "@ckeditor/ckeditor5-editor-classic": "39.0.2",
        "@ckeditor/ckeditor5-essentials": "39.0.2",
        "@ckeditor/ckeditor5-heading": "39.0.2",
        "@ckeditor/ckeditor5-image": "39.0.2",
        "@ckeditor/ckeditor5-indent": "39.0.2",
        "@ckeditor/ckeditor5-link": "39.0.2",
        "@ckeditor/ckeditor5-list": "39.0.2",
        "@ckeditor/ckeditor5-media-embed": "39.0.2",
        "@ckeditor/ckeditor5-paragraph": "39.0.2",
        "@ckeditor/ckeditor5-paste-from-office": "39.0.2",
        "@ckeditor/ckeditor5-table": "39.0.2",
        "@ckeditor/ckeditor5-typing": "39.0.2"
      }
    },
    "node_modules/@ckeditor/ckeditor5-ckbox": {
      "version": "39.0.2",
      "resolved": "https://registry.npmjs.org/@ckeditor/ckeditor5-ckbox/-/ckeditor5-ckbox-39.0.2.tgz",
      "integrity": "sha512-z+2tAmwmX+frW3VXyPyBC03GbDty8No++0zBXEszHHPt3j9FkjoqqFPbS33SqIXC+wAoDqY4vEgUrmzBbaB21g==",
      "dependencies": {
        "ckeditor5": "39.0.2"
      }
    },
    "node_modules/@ckeditor/ckeditor5-ckfinder": {
      "version": "39.0.2",
      "resolved": "https://registry.npmjs.org/@ckeditor/ckeditor5-ckfinder/-/ckeditor5-ckfinder-39.0.2.tgz",
      "integrity": "sha512-Ony6dTV0TVB1WkcsupA5Ydz7E0BU8eoU0ivp6zubfyfHHt1vUqQaU+FH6NStqbamVbtpb7JnXBPvfCGtL8tpdg==",
      "dependencies": {
        "ckeditor5": "39.0.2"
      }
    },
    "node_modules/@ckeditor/ckeditor5-clipboard": {
      "version": "39.0.2",
      "resolved": "https://registry.npmjs.org/@ckeditor/ckeditor5-clipboard/-/ckeditor5-clipboard-39.0.2.tgz",
      "integrity": "sha512-SSuanBiQ4lWznXSGyeV5vqQweVWZ1+iZG1/atmrZSb/BOWa3XD6EGPu9tuzdm9MCjk2OxBuyMT07Cw+WzXFosQ==",
      "dependencies": {
        "@ckeditor/ckeditor5-core": "39.0.2",
        "@ckeditor/ckeditor5-engine": "39.0.2",
        "@ckeditor/ckeditor5-ui": "39.0.2",
        "@ckeditor/ckeditor5-utils": "39.0.2",
        "@ckeditor/ckeditor5-widget": "39.0.2",
        "lodash-es": "4.17.21"
      }
    },
    "node_modules/@ckeditor/ckeditor5-cloud-services": {
      "version": "39.0.2",
      "resolved": "https://registry.npmjs.org/@ckeditor/ckeditor5-cloud-services/-/ckeditor5-cloud-services-39.0.2.tgz",
      "integrity": "sha512-MPs9yiSdgzugF6jqrpYut0qaYfDkRPuQ2ipHlC/zb6G4pivvJTctNIBcJL/6hAFnE5KUbayynjVfhQ4RNDemtA==",
      "dependencies": {
        "ckeditor5": "39.0.2"
      }
    },
    "node_modules/@ckeditor/ckeditor5-core": {
      "version": "39.0.2",
      "resolved": "https://registry.npmjs.org/@ckeditor/ckeditor5-core/-/ckeditor5-core-39.0.2.tgz",
      "integrity": "sha512-/xtor5vIXgwBVsAj+yO/wyzezQUmXabdkb/T8aSXtO2665zeOVbDbtSsJ1Ov7Tz5A4Ia1pA9d7iDCt7E8Kva7A==",
      "dependencies": {
        "@ckeditor/ckeditor5-engine": "39.0.2",
        "@ckeditor/ckeditor5-utils": "39.0.2",
        "lodash-es": "4.17.21"
      }
    },
    "node_modules/@ckeditor/ckeditor5-easy-image": {
      "version": "39.0.2",
      "resolved": "https://registry.npmjs.org/@ckeditor/ckeditor5-easy-image/-/ckeditor5-easy-image-39.0.2.tgz",
      "integrity": "sha512-tOpmHH97Mv0bz844fciqxXe3owUyqqh4MqCMZ7c5cjywuvZOQ8Kp/o7HgWEKKRuKJUoLGaBH0bDRKMpIvXkOVg==",
      "dependencies": {
        "ckeditor5": "39.0.2"
      }
    },
    "node_modules/@ckeditor/ckeditor5-editor-classic": {
      "version": "39.0.2",
      "resolved": "https://registry.npmjs.org/@ckeditor/ckeditor5-editor-classic/-/ckeditor5-editor-classic-39.0.2.tgz",
      "integrity": "sha512-zDDFe70junUJT5VltMsVdBqSZUew4fCe8fmi9JMI2m2MAwNwARAOkOy9mQMMTJlrD+P3CfD/Y9QpromEjLOnYA==",
      "dependencies": {
        "ckeditor5": "39.0.2",
        "lodash-es": "4.17.21"
      }
    },
    "node_modules/@ckeditor/ckeditor5-engine": {
      "version": "39.0.2",
      "resolved": "https://registry.npmjs.org/@ckeditor/ckeditor5-engine/-/ckeditor5-engine-39.0.2.tgz",
      "integrity": "sha512-ERcEpIrmTML0/uhukkC+ZJSOx4mRaPbNG5vPEBXIentfDpzu1NrmUhGZRGXaw5lltL+NJbuTI0wjEINap0Hl3w==",
      "dependencies": {
        "@ckeditor/ckeditor5-utils": "39.0.2",
        "lodash-es": "4.17.21"
      }
    },
    "node_modules/@ckeditor/ckeditor5-enter": {
      "version": "39.0.2",
      "resolved": "https://registry.npmjs.org/@ckeditor/ckeditor5-enter/-/ckeditor5-enter-39.0.2.tgz",
      "integrity": "sha512-7yeZI/mzJH4/yryXFQemrueZA/UNGkfnauN8Mu6XFMykoRNo6l+cASz0x4iGb3pWumV3g+tUeX6AJmuwXkRb5A==",
      "dependencies": {
        "@ckeditor/ckeditor5-core": "39.0.2",
        "@ckeditor/ckeditor5-engine": "39.0.2",
        "@ckeditor/ckeditor5-utils": "39.0.2"
      }
    },
    "node_modules/@ckeditor/ckeditor5-essentials": {
      "version": "39.0.2",
      "resolved": "https://registry.npmjs.org/@ckeditor/ckeditor5-essentials/-/ckeditor5-essentials-39.0.2.tgz",
      "integrity": "sha512-5Nf3XeuB0thXTJS2M2JYrlW2uuSujNOhwW7L05e7Z5JP4nUSkopBHdvymX9feZKMzGPOw6SVhk8gQIDYV7S28A==",
      "dependencies": {
        "ckeditor5": "39.0.2"
      }
    },
    "node_modules/@ckeditor/ckeditor5-heading": {
      "version": "39.0.2",
      "resolved": "https://registry.npmjs.org/@ckeditor/ckeditor5-heading/-/ckeditor5-heading-39.0.2.tgz",
      "integrity": "sha512-P1ogDMAsTZB/TfuNwifNv1H9KHaMSPRaPfd+clhhLV/GAdt2rGMeH0HKuSke54cZYB6qMQP7Za8Xsfi2ufY0GA==",
      "dependencies": {
        "ckeditor5": "39.0.2"
      }
    },
    "node_modules/@ckeditor/ckeditor5-image": {
      "version": "39.0.2",
      "resolved": "https://registry.npmjs.org/@ckeditor/ckeditor5-image/-/ckeditor5-image-39.0.2.tgz",
      "integrity": "sha512-sp7ce+j/UqRW4kmhMX8DfZKPbNs5HgiEQY8ChQUPOKghstEjBrPpGFYCJ++NMPmWguDTzLxVAVuo2k+VOt+swA==",
      "dependencies": {
        "@ckeditor/ckeditor5-ui": "39.0.2",
        "ckeditor5": "39.0.2",
        "lodash-es": "4.17.21"
      }
    },
    "node_modules/@ckeditor/ckeditor5-indent": {
      "version": "39.0.2",
      "resolved": "https://registry.npmjs.org/@ckeditor/ckeditor5-indent/-/ckeditor5-indent-39.0.2.tgz",
      "integrity": "sha512-wU/1jBqgkK068fxkZDxnZM5iACunABXBVtpgfXqe2S6cMPVQyhiLzo955Yt7BhqN7Mkor59xESO2+Npj/vwB7w==",
      "dependencies": {
        "ckeditor5": "39.0.2"
      }
    },
    "node_modules/@ckeditor/ckeditor5-link": {
      "version": "39.0.2",
      "resolved": "https://registry.npmjs.org/@ckeditor/ckeditor5-link/-/ckeditor5-link-39.0.2.tgz",
      "integrity": "sha512-UKSamaD+yGaLPo/7pLS6bi+h2pRpX7qFSe4isVvmC8PfhN4YAm6ZYpIXpnktzfv2+/Jx6P9HzfjOnJPPT5PRdQ==",
      "dependencies": {
        "@ckeditor/ckeditor5-ui": "39.0.2",
        "ckeditor5": "39.0.2",
        "lodash-es": "4.17.21"
      }
    },
    "node_modules/@ckeditor/ckeditor5-list": {
      "version": "39.0.2",
      "resolved": "https://registry.npmjs.org/@ckeditor/ckeditor5-list/-/ckeditor5-list-39.0.2.tgz",
      "integrity": "sha512-XRcp67PuDK/mP0sL8g+TFLIr/MigVHKATwO+7OAJZlGAGxr73V/eRw3G6ZAe6Lh0lVQPRA54r+h5DHG5P+KRRg==",
      "dependencies": {
        "@ckeditor/ckeditor5-ui": "39.0.2",
        "ckeditor5": "39.0.2"
      }
    },
    "node_modules/@ckeditor/ckeditor5-media-embed": {
      "version": "39.0.2",
      "resolved": "https://registry.npmjs.org/@ckeditor/ckeditor5-media-embed/-/ckeditor5-media-embed-39.0.2.tgz",
      "integrity": "sha512-1QL+nYSTKlnTz9rMWeuW0/kvq8eCR0Yl0dJl+37uPJOrR6fQNxVcGq375D9f+WO45IJjOZ+7dtgxm19WK3R1cQ==",
      "dependencies": {
        "@ckeditor/ckeditor5-ui": "39.0.2",
        "ckeditor5": "39.0.2"
      }
    },
    "node_modules/@ckeditor/ckeditor5-paragraph": {
      "version": "39.0.2",
      "resolved": "https://registry.npmjs.org/@ckeditor/ckeditor5-paragraph/-/ckeditor5-paragraph-39.0.2.tgz",
      "integrity": "sha512-is0+G3ghz+6EwoNT5ciySiPt05FI0I/lxPksSDl4QG9BcGUwkN94fJalCxgXuMlGulojm/YZ3dCmJPnLMrAnUA==",
      "dependencies": {
        "@ckeditor/ckeditor5-core": "39.0.2",
        "@ckeditor/ckeditor5-ui": "39.0.2",
        "@ckeditor/ckeditor5-utils": "39.0.2"
      }
    },
    "node_modules/@ckeditor/ckeditor5-paste-from-office": {
      "version": "39.0.2",
      "resolved": "https://registry.npmjs.org/@ckeditor/ckeditor5-paste-from-office/-/ckeditor5-paste-from-office-39.0.2.tgz",
      "integrity": "sha512-Y9O1C+9BpFCtvYI80AJzm/BkZWMedhreCaZcSCsEUUIo6vrIwehatTvgqWZJLwKZwL+4iy5/Kv9OfUhvO10I8Q==",
      "dependencies": {
        "ckeditor5": "39.0.2"
      }
    },
    "node_modules/@ckeditor/ckeditor5-select-all": {
      "version": "39.0.2",
      "resolved": "https://registry.npmjs.org/@ckeditor/ckeditor5-select-all/-/ckeditor5-select-all-39.0.2.tgz",
      "integrity": "sha512-/zTPZ14sfsL6E7LHcdOSW5JR7A5tsaSO2KNlQ/jm77XWSeQ7HZ4I7hoLXWksvcseubQ+xExWrzMQIjIOGqBLcQ==",
      "dependencies": {
        "@ckeditor/ckeditor5-core": "39.0.2",
        "@ckeditor/ckeditor5-ui": "39.0.2",
        "@ckeditor/ckeditor5-utils": "39.0.2"
      }
    },
    "node_modules/@ckeditor/ckeditor5-table": {
      "version": "39.0.2",
      "resolved": "https://registry.npmjs.org/@ckeditor/ckeditor5-table/-/ckeditor5-table-39.0.2.tgz",
      "integrity": "sha512-IpI53KPEOj1F1vbMYUHLkOeoQoQV/q3pfiJxXXHZja1QaIEnqZT7YcSvJQbCyiuQw4UCZqU5x84c8GcyIZlBhg==",
      "dependencies": {
        "ckeditor5": "39.0.2",
        "lodash-es": "4.17.21"
      }
    },
    "node_modules/@ckeditor/ckeditor5-typing": {
      "version": "39.0.2",
      "resolved": "https://registry.npmjs.org/@ckeditor/ckeditor5-typing/-/ckeditor5-typing-39.0.2.tgz",
      "integrity": "sha512-ylkBumukIRe/8jQTanVYNcExvoraXX9TIX3POwiug2F+c/POKjoHgeq8+Wf/JEl7/ydtXZKT5tROqOe9haSteA==",
      "dependencies": {
        "@ckeditor/ckeditor5-core": "39.0.2",
        "@ckeditor/ckeditor5-engine": "39.0.2",
        "@ckeditor/ckeditor5-utils": "39.0.2",
        "lodash-es": "4.17.21"
      }
    },
    "node_modules/@ckeditor/ckeditor5-ui": {
      "version": "39.0.2",
      "resolved": "https://registry.npmjs.org/@ckeditor/ckeditor5-ui/-/ckeditor5-ui-39.0.2.tgz",
      "integrity": "sha512-OHYasdPXG1Vy1tR5hcGeffeqg6ujWzCEbRczuU+0sC3ttYkxrnFk6qYe7gjA+BoqD61otk1au+rhCVux8dy0hQ==",
      "dependencies": {
        "@ckeditor/ckeditor5-core": "39.0.2",
        "@ckeditor/ckeditor5-utils": "39.0.2",
        "color-convert": "2.0.1",
        "color-parse": "1.4.2",
        "lodash-es": "4.17.21",
        "vanilla-colorful": "0.7.2"
      }
    },
    "node_modules/@ckeditor/ckeditor5-undo": {
      "version": "39.0.2",
      "resolved": "https://registry.npmjs.org/@ckeditor/ckeditor5-undo/-/ckeditor5-undo-39.0.2.tgz",
      "integrity": "sha512-DSy7rRtnpVPpzZYOoQJNZ/6Zx4LEk3WVf8VG8wJDgpuxbRrE59DsNwVEqGEvDyVGlgzbuWZrfkkcL4hjcoYHCw==",
      "dependencies": {
        "@ckeditor/ckeditor5-core": "39.0.2",
        "@ckeditor/ckeditor5-engine": "39.0.2",
        "@ckeditor/ckeditor5-ui": "39.0.2"
      }
    },
    "node_modules/@ckeditor/ckeditor5-upload": {
      "version": "39.0.2",
      "resolved": "https://registry.npmjs.org/@ckeditor/ckeditor5-upload/-/ckeditor5-upload-39.0.2.tgz",
      "integrity": "sha512-6LLU9lJDlnE4RT1GBzK1V6gsIv/+4NiWVojblzET9AlyMI4BRTn3/PPxZRWyPPKH96AeuIWoyj32D/a24yQujg==",
      "dependencies": {
        "@ckeditor/ckeditor5-core": "39.0.2",
        "@ckeditor/ckeditor5-ui": "39.0.2",
        "@ckeditor/ckeditor5-utils": "39.0.2"
      }
    },
    "node_modules/@ckeditor/ckeditor5-utils": {
      "version": "39.0.2",
      "resolved": "https://registry.npmjs.org/@ckeditor/ckeditor5-utils/-/ckeditor5-utils-39.0.2.tgz",
      "integrity": "sha512-aqiGhPJxEihSLW21lGWcAvjVTTwJYxEbfMk1eLf/BEY3euy6iltRC6EqbXkyJDcKGU7cQtk6JXAIkH+D2FF87g==",
      "dependencies": {
        "lodash-es": "4.17.21"
      }
    },
    "node_modules/@ckeditor/ckeditor5-watchdog": {
      "version": "39.0.2",
      "resolved": "https://registry.npmjs.org/@ckeditor/ckeditor5-watchdog/-/ckeditor5-watchdog-39.0.2.tgz",
      "integrity": "sha512-9E7BNp9c+nj/01JWF4lBVcDwJI2lN/Vgerw+ex4l/nTRl7crLzckSy3DWhYlpQPjJzsrkFjGQ+zCG4C/Vevl3Q==",
      "dependencies": {
        "lodash-es": "4.17.21"
      }
    },
    "node_modules/@ckeditor/ckeditor5-widget": {
      "version": "39.0.2",
      "resolved": "https://registry.npmjs.org/@ckeditor/ckeditor5-widget/-/ckeditor5-widget-39.0.2.tgz",
      "integrity": "sha512-bGs8iKD3c+r3/JCqhXoh/MPJut0JcdUdxDSgS+xYu1UJ03b/K39/0QbdVjT1I6oNRSDb4IUwBO2Xc3zTMl/qTw==",
      "dependencies": {
        "@ckeditor/ckeditor5-core": "39.0.2",
        "@ckeditor/ckeditor5-engine": "39.0.2",
        "@ckeditor/ckeditor5-enter": "39.0.2",
        "@ckeditor/ckeditor5-typing": "39.0.2",
        "@ckeditor/ckeditor5-ui": "39.0.2",
        "@ckeditor/ckeditor5-utils": "39.0.2",
        "lodash-es": "4.17.21"
      }
    },
    "node_modules/@fontsource/alata": {
      "version": "5.0.8",
      "resolved": "https://registry.npmjs.org/@fontsource/alata/-/alata-5.0.8.tgz",
      "integrity": "sha512-v2imbiy0XBUPU13BSsA3GaT7PPVAzeq5VlBF7aqtyS3w+gaSbNqLt00QkkF1JIbu+pkvyd/3bd1fwMGB64vpmA=="
    },
    "node_modules/@fontsource/poppins": {
      "version": "5.0.8",
      "resolved": "https://registry.npmjs.org/@fontsource/poppins/-/poppins-5.0.8.tgz",
      "integrity": "sha512-P8owfYWluoUY5Nyzk4gT/L6LmLmseP6ezFWhj6VBUa5pRIdnCvNJpoQ6i/vhekjtJOfqX6nKlB+LCttoUl2GQQ=="
    },
    "node_modules/@fontsource/quicksand": {
      "version": "5.0.8",
      "resolved": "https://registry.npmjs.org/@fontsource/quicksand/-/quicksand-5.0.8.tgz",
      "integrity": "sha512-yckyBMWMerElcJq23yBZ8MOYLN3cJQFbb+bVQOhRrt68qRMDpselnF+/IYR078eHHmYOzNAfQaopFEeHaXrGyw=="
    },
    "node_modules/@popperjs/core": {
      "version": "2.11.8",
      "resolved": "https://registry.npmjs.org/@popperjs/core/-/core-2.11.8.tgz",
      "integrity": "sha512-P1st0aksCrn9sGZhp8GMYwBnQsbvAWsZAX44oXNNvLHGqAOcoVxmjZiohstwQ7SqKnbR47akdNi+uleWD8+g6A==",
      "peer": true,
      "funding": {
        "type": "opencollective",
        "url": "https://opencollective.com/popperjs"
      }
    },
    "node_modules/bootstrap": {
      "version": "5.3.2",
      "resolved": "https://registry.npmjs.org/bootstrap/-/bootstrap-5.3.2.tgz",
      "integrity": "sha512-D32nmNWiQHo94BKHLmOrdjlL05q1c8oxbtBphQFb9Z5to6eGRDCm0QgeaZ4zFBHzfg2++rqa2JkqCcxDy0sH0g==",
      "funding": [
        {
          "type": "github",
          "url": "https://github.com/sponsors/twbs"
        },
        {
          "type": "opencollective",
          "url": "https://opencollective.com/bootstrap"
        }
      ],
      "peerDependencies": {
        "@popperjs/core": "^2.11.8"
      }
    },
    "node_modules/bootstrap-icons": {
      "version": "1.11.0",
      "resolved": "https://registry.npmjs.org/bootstrap-icons/-/bootstrap-icons-1.11.0.tgz",
      "integrity": "sha512-bLTbtACfUqwZf6f/xUYUb7bTRZC68QaQwwy9h1b96NPKfnwqzSatHqDypW6R2CBW7zUE7lP+O93GdZuPY3RIHA==",
      "funding": [
        {
          "type": "github",
          "url": "https://github.com/sponsors/twbs"
        },
        {
          "type": "opencollective",
          "url": "https://opencollective.com/bootstrap"
        }
      ]
    },
    "node_modules/ckeditor5": {
      "version": "39.0.2",
      "resolved": "https://registry.npmjs.org/ckeditor5/-/ckeditor5-39.0.2.tgz",
      "integrity": "sha512-7wuhb5LYeAZ9PaEZlNNAOnfDLWozt3+tOdc1St7AYR4PO1UW/5crWHvs+6jejxB56Zk6LUaHUS6ECecdapihmA==",
      "dependencies": {
        "@ckeditor/ckeditor5-clipboard": "39.0.2",
        "@ckeditor/ckeditor5-core": "39.0.2",
        "@ckeditor/ckeditor5-engine": "39.0.2",
        "@ckeditor/ckeditor5-enter": "39.0.2",
        "@ckeditor/ckeditor5-paragraph": "39.0.2",
        "@ckeditor/ckeditor5-select-all": "39.0.2",
        "@ckeditor/ckeditor5-typing": "39.0.2",
        "@ckeditor/ckeditor5-ui": "39.0.2",
        "@ckeditor/ckeditor5-undo": "39.0.2",
        "@ckeditor/ckeditor5-upload": "39.0.2",
        "@ckeditor/ckeditor5-utils": "39.0.2",
        "@ckeditor/ckeditor5-watchdog": "39.0.2",
        "@ckeditor/ckeditor5-widget": "39.0.2"
      }
    },
    "node_modules/color-convert": {
      "version": "2.0.1",
      "resolved": "https://registry.npmjs.org/color-convert/-/color-convert-2.0.1.tgz",
      "integrity": "sha512-RRECPsj7iu/xb5oKYcsFHSppFNnsj/52OVTRKb4zP5onXwVF3zVmmToNcOfGC+CRDpfK/U584fMg38ZHCaElKQ==",
      "dependencies": {
        "color-name": "~1.1.4"
      },
      "engines": {
        "node": ">=7.0.0"
      }
    },
    "node_modules/color-name": {
      "version": "1.1.4",
      "resolved": "https://registry.npmjs.org/color-name/-/color-name-1.1.4.tgz",
      "integrity": "sha512-dOy+3AuW3a2wNbZHIuMZpTcgjGuLU/uBL/ubcZF9OXbDo8ff4O8yVp5Bf0efS8uEoYo5q4Fx7dY9OgQGXgAsQA=="
    },
    "node_modules/color-parse": {
      "version": "1.4.2",
      "resolved": "https://registry.npmjs.org/color-parse/-/color-parse-1.4.2.tgz",
      "integrity": "sha512-RI7s49/8yqDj3fECFZjUI1Yi0z/Gq1py43oNJivAIIDSyJiOZLfYCRQEgn8HEVAj++PcRe8AnL2XF0fRJ3BTnA==",
      "dependencies": {
        "color-name": "^1.0.0"
      }
    },
    "node_modules/lodash-es": {
      "version": "4.17.21",
      "resolved": "https://registry.npmjs.org/lodash-es/-/lodash-es-4.17.21.tgz",
      "integrity": "sha512-mKnC+QJ9pWVzv+C4/U3rRsHapFfHvQFoFB92e52xeyGMcX6/OlIl78je1u8vePzYZSkkogMPJ2yjxxsb89cxyw=="
    },
    "node_modules/vanilla-colorful": {
      "version": "0.7.2",
      "resolved": "https://registry.npmjs.org/vanilla-colorful/-/vanilla-colorful-0.7.2.tgz",
      "integrity": "sha512-z2YZusTFC6KnLERx1cgoIRX2CjPRP0W75N+3CC6gbvdX5Ch47rZkEMGO2Xnf+IEmi3RiFLxS18gayMA27iU7Kg=="
    }
  }
}
